
Microsoft Visual Studio Solution File, Format Version 12.00
# Visual Studio Version 16
VisualStudioVersion = 16.0.31005.135
MinimumVisualStudioVersion = 10.0.40219.1
Project("{FAE04EC0-301F-11D3-BF4B-00C04F79EFBC}") = "backend", "backend\backend.csproj", "{4FC594C1-619D-41F7-A286-EF338891242C}"
EndProject
Global
	GlobalSection(SolutionConfigurationPlatforms) = preSolution
		Debug|Any CPU = Debug|Any CPU
		Release|Any CPU = Release|Any CPU
	EndGlobalSection
	GlobalSection(ProjectConfigurationPlatforms) = postSolution
		{4FC594C1-619D-41F7-A286-EF338891242C}.Debug|Any CPU.ActiveCfg = Debug|Any CPU
		{4FC594C1-619D-41F7-A286-EF338891242C}.Debug|Any CPU.Build.0 = Debug|Any CPU
		{4FC594C1-619D-41F7-A286-EF338891242C}.Release|Any CPU.ActiveCfg = Release|Any CPU
		{4FC594C1-619D-41F7-A286-EF338891242C}.Release|Any CPU.Build.0 = Release|Any CPU
	EndGlobalSection
	GlobalSection(SolutionProperties) = preSolution
		HideSolutionNode = FALSE
	EndGlobalSection
	GlobalSection(ExtensibilityGlobals) = postSolution
		SolutionGuid = {CBBE31B9-6493-4E47-B917-441547EC3B34}
	EndGlobalSection
EndGlobal
